
Microsoft Visual Studio Solution File, Format Version 12.00
# Visual Studio Version 17
VisualStudioVersion = 17.14.36109.1 d17.14
MinimumVisualStudioVersion = 10.0.40219.1
Project("{FAE04EC0-301F-11D3-BF4B-00C04F79EFBC}") = "WebApplication2(hl)", "WebApplication2(hl)\WebApplication2(hl).csproj", "{A8C91B29-E0C1-4105-8B26-7533DB0E0C12}"
EndProject
Global
	GlobalSection(SolutionConfigurationPlatforms) = preSolution
		Debug|Any CPU = Debug|Any CPU
		Release|Any CPU = Release|Any CPU
	EndGlobalSection
	GlobalSection(ProjectConfigurationPlatforms) = postSolution
		{A8C91B29-E0C1-4105-8B26-7533DB0E0C12}.Debug|Any CPU.ActiveCfg = Debug|Any CPU
		{A8C91B29-E0C1-4105-8B26-7533DB0E0C12}.Debug|Any CPU.Build.0 = Debug|Any CPU
		{A8C91B29-E0C1-4105-8B26-7533DB0E0C12}.Release|Any CPU.ActiveCfg = Release|Any CPU
		{A8C91B29-E0C1-4105-8B26-7533DB0E0C12}.Release|Any CPU.Build.0 = Release|Any CPU
	EndGlobalSection
	GlobalSection(SolutionProperties) = preSolution
		HideSolutionNode = FALSE
	EndGlobalSection
	GlobalSection(ExtensibilityGlobals) = postSolution
		SolutionGuid = {6F168FEF-8BC3-48DC-B733-88D4873F6135}
	EndGlobalSection
EndGlobal
